// !$*UTF8*$!
{
	archiveVersion = 1;
	classes = {
	};
	objectVersion = 55;
	objects = {

/* Begin PBXBuildFile section */
		07777A0EB3133FD23AC3991A /* libPods-lvfjBase.a in Frameworks */ = {isa = PBXBuildFile; fileRef = 68AF68A70F3D34667B840C10 /* libPods-lvfjBase.a */; };
		408F54C82755DECE00C7E041 /* AppDelegate.m in Sources */ = {isa = PBXBuildFile; fileRef = 408F54C72755DECE00C7E041 /* AppDelegate.m */; };
		408F54CB2755DECE00C7E041 /* SceneDelegate.m in Sources */ = {isa = PBXBuildFile; fileRef = 408F54CA2755DECE00C7E041 /* SceneDelegate.m */; };
		408F54CE2755DECE00C7E041 /* ViewController.m in Sources */ = {isa = PBXBuildFile; fileRef = 408F54CD2755DECE00C7E041 /* ViewController.m */; };
		408F54D12755DECE00C7E041 /* Main.storyboard in Resources */ = {isa = PBXBuildFile; fileRef = 408F54CF2755DECE00C7E041 /* Main.storyboard */; };
		408F54D32755DED000C7E041 /* Assets.xcassets in Resources */ = {isa = PBXBuildFile; fileRef = 408F54D22755DED000C7E041 /* Assets.xcassets */; };
		408F54D62755DED000C7E041 /* LaunchScreen.storyboard in Resources */ = {isa = PBXBuildFile; fileRef = 408F54D42755DED000C7E041 /* LaunchScreen.storyboard */; };
		408F54D92755DED000C7E041 /* main.m in Sources */ = {isa = PBXBuildFile; fileRef = 408F54D82755DED000C7E041 /* main.m */; };
		408F54E32755DED000C7E041 /* lvfjBaseTests.m in Sources */ = {isa = PBXBuildFile; fileRef = 408F54E22755DED000C7E041 /* lvfjBaseTests.m */; };
		408F54ED2755DED000C7E041 /* lvfjBaseUITests.m in Sources */ = {isa = PBXBuildFile; fileRef = 408F54EC2755DED000C7E041 /* lvfjBaseUITests.m */; };
		408F54EF2755DED000C7E041 /* lvfjBaseUITestsLaunchTests.m in Sources */ = {isa = PBXBuildFile; fileRef = 408F54EE2755DED000C7E041 /* lvfjBaseUITestsLaunchTests.m */; };
/* End PBXBuildFile section */

/* Begin PBXContainerItemProxy section */
		408F54DF2755DED000C7E041 /* PBXContainerItemProxy */ = {
			isa = PBXContainerItemProxy;
			containerPortal = 408F54BB2755DECE00C7E041 /* Project object */;
			proxyType = 1;
			remoteGlobalIDString = 408F54C22755DECE00C7E041;
			remoteInfo = lvfjBase;
		};
		408F54E92755DED000C7E041 /* PBXContainerItemProxy */ = {
			isa = PBXContainerItemProxy;
			containerPortal = 408F54BB2755DECE00C7E041 /* Project object */;
			proxyType = 1;
			remoteGlobalIDString = 408F54C22755DECE00C7E041;
			remoteInfo = lvfjBase;
		};
/* End PBXContainerItemProxy section */

/* Begin PBXFileReference section */
		408F54C32755DECE00C7E041 /* lvfjBase.app */ = {isa = PBXFileReference; explicitFileType = wrapper.application; includeInIndex = 0; path = lvfjBase.app; sourceTree = BUILT_PRODUCTS_DIR; };
		408F54C62755DECE00C7E041 /* AppDelegate.h */ = {isa = PBXFileReference; lastKnownFileType = sourcecode.c.h; path = AppDelegate.h; sourceTree = "<group>"; };
		408F54C72755DECE00C7E041 /* AppDelegate.m */ = {isa = PBXFileReference; lastKnownFileType = sourcecode.c.objc; path = AppDelegate.m; sourceTree = "<group>"; };
		408F54C92755DECE00C7E041 /* SceneDelegate.h */ = {isa = PBXFileReference; lastKnownFileType = sourcecode.c.h; path = SceneDelegate.h; sourceTree = "<group>"; };
		408F54CA2755DECE00C7E041 /* SceneDelegate.m */ = {isa = PBXFileReference; lastKnownFileType = sourcecode.c.objc; path = SceneDelegate.m; sourceTree = "<group>"; };
		408F54CC2755DECE00C7E041 /* ViewController.h */ = {isa = PBXFileReference; lastKnownFileType = sourcecode.c.h; path = ViewController.h; sourceTree = "<group>"; };
		408F54CD2755DECE00C7E041 /* ViewController.m */ = {isa = PBXFileReference; lastKnownFileType = sourcecode.c.objc; path = ViewController.m; sourceTree = "<group>"; };
		408F54D02755DECE00C7E041 /* Base */ = {isa = PBXFileReference; lastKnownFileType = file.storyboard; name = Base; path = Base.lproj/Main.storyboard; sourceTree = "<group>"; };
		408F54D22755DED000C7E041 /* Assets.xcassets */ = {isa = PBXFileReference; lastKnownFileType = folder.assetcatalog; path = Assets.xcassets; sourceTree = "<group>"; };
		408F54D52755DED000C7E041 /* Base */ = {isa = PBXFileReference; lastKnownFileType = file.storyboard; name = Base; path = Base.lproj/LaunchScreen.storyboard; sourceTree = "<group>"; };
		408F54D72755DED000C7E041 /* Info.plist */ = {isa = PBXFileReference; lastKnownFileType = text.plist.xml; path = Info.plist; sourceTree = "<group>"; };
		408F54D82755DED000C7E041 /* main.m */ = {isa = PBXFileReference; lastKnownFileType = sourcecode.c.objc; path = main.m; sourceTree = "<group>"; };
		408F54DE2755DED000C7E041 /* lvfjBaseTests.xctest */ = {isa = PBXFileReference; explicitFileType = wrapper.cfbundle; includeInIndex = 0; path = lvfjBaseTests.xctest; sourceTree = BUILT_PRODUCTS_DIR; };
		408F54E22755DED000C7E041 /* lvfjBaseTests.m */ = {isa = PBXFileReference; lastKnownFileType = sourcecode.c.objc; path = lvfjBaseTests.m; sourceTree = "<group>"; };
		408F54E82755DED000C7E041 /* lvfjBaseUITests.xctest */ = {isa = PBXFileReference; explicitFileType = wrapper.cfbundle; includeInIndex = 0; path = lvfjBaseUITests.xctest; sourceTree = BUILT_PRODUCTS_DIR; };
		408F54EC2755DED000C7E041 /* lvfjBaseUITests.m */ = {isa = PBXFileReference; lastKnownFileType = sourcecode.c.objc; path = lvfjBaseUITests.m; sourceTree = "<group>"; };
		408F54EE2755DED000C7E041 /* lvfjBaseUITestsLaunchTests.m */ = {isa = PBXFileReference; lastKnownFileType = sourcecode.c.objc; path = lvfjBaseUITestsLaunchTests.m; sourceTree = "<group>"; };
		408F54FB2755DFF800C7E041 /* lvfjBase.entitlements */ = {isa = PBXFileReference; lastKnownFileType = text.plist.entitlements; path = lvfjBase.entitlements; sourceTree = "<group>"; };
		68AF68A70F3D34667B840C10 /* libPods-lvfjBase.a */ = {isa = PBXFileReference; explicitFileType = archive.ar; includeInIndex = 0; path = "libPods-lvfjBase.a"; sourceTree = BUILT_PRODUCTS_DIR; };
		9BAD6784BEE2056D95CF0C26 /* Pods-lvfjBase.debug.xcconfig */ = {isa = PBXFileReference; includeInIndex = 1; lastKnownFileType = text.xcconfig; name = "Pods-lvfjBase.debug.xcconfig"; path = "Target Support Files/Pods-lvfjBase/Pods-lvfjBase.debug.xcconfig"; sourceTree = "<group>"; };
		F966CC5FDA8C06F7CB34EAFE /* Pods-lvfjBase.release.xcconfig */ = {isa = PBXFileReference; includeInIndex = 1; lastKnownFileType = text.xcconfig; name = "Pods-lvfjBase.release.xcconfig"; path = "Target Support Files/Pods-lvfjBase/Pods-lvfjBase.release.xcconfig"; sourceTree = "<group>"; };
/* End PBXFileReference section */

/* Begin PBXFrameworksBuildPhase section */
		408F54C02755DECE00C7E041 /* Frameworks */ = {
			isa = PBXFrameworksBuildPhase;
			buildActionMask = 2147483647;
			files = (
				07777A0EB3133FD23AC3991A /* libPods-lvfjBase.a in Frameworks */,
			);
			runOnlyForDeploymentPostprocessing = 0;
		};
		408F54DB2755DED000C7E041 /* Frameworks */ = {
			isa = PBXFrameworksBuildPhase;
			buildActionMask = 2147483647;
			files = (
			);
			runOnlyForDeploymentPostprocessing = 0;
		};
		408F54E52755DED000C7E041 /* Frameworks */ = {
			isa = PBXFrameworksBuildPhase;
			buildActionMask = 2147483647;
			files = (
			);
			runOnlyForDeploymentPostprocessing = 0;
		};
/* End PBXFrameworksBuildPhase section */

/* Begin PBXGroup section */
		408F54BA2755DECE00C7E041 = {
			isa = PBXGroup;
			children = (
				408F54C52755DECE00C7E041 /* lvfjBase */,
				408F54E12755DED000C7E041 /* lvfjBaseTests */,
				408F54EB2755DED000C7E041 /* lvfjBaseUITests */,
				408F54C42755DECE00C7E041 /* Products */,
				A51A9036AC552B4C7A3005C4 /* Pods */,
				D32FB1E0A91908D0070D7CA3 /* Frameworks */,
			);
			sourceTree = "<group>";
		};
		408F54C42755DECE00C7E041 /* Products */ = {
			isa = PBXGroup;
			children = (
				408F54C32755DECE00C7E041 /* lvfjBase.app */,
				408F54DE2755DED000C7E041 /* lvfjBaseTests.xctest */,
				408F54E82755DED000C7E041 /* lvfjBaseUITests.xctest */,
			);
			name = Products;
			sourceTree = "<group>";
		};
		408F54C52755DECE00C7E041 /* lvfjBase */ = {
			isa = PBXGroup;
			children = (
				408F54FB2755DFF800C7E041 /* lvfjBase.entitlements */,
				408F54C62755DECE00C7E041 /* AppDelegate.h */,
				408F54C72755DECE00C7E041 /* AppDelegate.m */,
				408F54C92755DECE00C7E041 /* SceneDelegate.h */,
				408F54CA2755DECE00C7E041 /* SceneDelegate.m */,
				408F54CC2755DECE00C7E041 /* ViewController.h */,
				408F54CD2755DECE00C7E041 /* ViewController.m */,
				408F54CF2755DECE00C7E041 /* Main.storyboard */,
				408F54D22755DED000C7E041 /* Assets.xcassets */,
				408F54D42755DED000C7E041 /* LaunchScreen.storyboard */,
				408F54D72755DED000C7E041 /* Info.plist */,
				408F54D82755DED000C7E041 /* main.m */,
			);
			path = lvfjBase;
			sourceTree = "<group>";
		};
		408F54E12755DED000C7E041 /* lvfjBaseTests */ = {
			isa = PBXGroup;
			children = (
				408F54E22755DED000C7E041 /* lvfjBaseTests.m */,
			);
			path = lvfjBaseTests;
			sourceTree = "<group>";
		};
		408F54EB2755DED000C7E041 /* lvfjBaseUITests */ = {
			isa = PBXGroup;
			children = (
				408F54EC2755DED000C7E041 /* lvfjBaseUITests.m */,
				408F54EE2755DED000C7E041 /* lvfjBaseUITestsLaunchTests.m */,
			);
			path = lvfjBaseUITests;
			sourceTree = "<group>";
		};
		A51A9036AC552B4C7A3005C4 /* Pods */ = {
			isa = PBXGroup;
			children = (
				9BAD6784BEE2056D95CF0C26 /* Pods-lvfjBase.debug.xcconfig */,
				F966CC5FDA8C06F7CB34EAFE /* Pods-lvfjBase.release.xcconfig */,
			);
			path = Pods;
			sourceTree = "<group>";
		};
		D32FB1E0A91908D0070D7CA3 /* Frameworks */ = {
			isa = PBXGroup;
			children = (
				68AF68A70F3D34667B840C10 /* libPods-lvfjBase.a */,
			);
			name = Frameworks;
			sourceTree = "<group>";
		};
/* End PBXGroup section */

/* Begin PBXNativeTarget section */
		408F54C22755DECE00C7E041 /* lvfjBase */ = {
			isa = PBXNativeTarget;
			buildConfigurationList = 408F54F22755DED000C7E041 /* Build configuration list for PBXNativeTarget "lvfjBase" */;
			buildPhases = (
				61CBBCDB6AD112678F7574CD /* [CP] Check Pods Manifest.lock */,
				408F54BF2755DECE00C7E041 /* Sources */,
				408F54C02755DECE00C7E041 /* Frameworks */,
				408F54C12755DECE00C7E041 /* Resources */,
			);
			buildRules = (
			);
			dependencies = (
			);
			name = lvfjBase;
			productName = lvfjBase;
			productReference = 408F54C32755DECE00C7E041 /* lvfjBase.app */;
			productType = "com.apple.product-type.application";
		};
		408F54DD2755DED000C7E041 /* lvfjBaseTests */ = {
			isa = PBXNativeTarget;
			buildConfigurationList = 408F54F52755DED000C7E041 /* Build configuration list for PBXNativeTarget "lvfjBaseTests" */;
			buildPhases = (
				408F54DA2755DED000C7E041 /* Sources */,
				408F54DB2755DED000C7E041 /* Frameworks */,
				408F54DC2755DED000C7E041 /* Resources */,
			);
			buildRules = (
			);
			dependencies = (
				408F54E02755DED000C7E041 /* PBXTargetDependency */,
			);
			name = lvfjBaseTests;
			productName = lvfjBaseTests;
			productReference = 408F54DE2755DED000C7E041 /* lvfjBaseTests.xctest */;
			productType = "com.apple.product-type.bundle.unit-test";
		};
		408F54E72755DED000C7E041 /* lvfjBaseUITests */ = {
			isa = PBXNativeTarget;
			buildConfigurationList = 408F54F82755DED000C7E041 /* Build configuration list for PBXNativeTarget "lvfjBaseUITests" */;
			buildPhases = (
				408F54E42755DED000C7E041 /* Sources */,
				408F54E52755DED000C7E041 /* Frameworks */,
				408F54E62755DED000C7E041 /* Resources */,
			);
			buildRules = (
			);
			dependencies = (
				408F54EA2755DED000C7E041 /* PBXTargetDependency */,
			);
			name = lvfjBaseUITests;
			productName = lvfjBaseUITests;
			productReference = 408F54E82755DED000C7E041 /* lvfjBaseUITests.xctest */;
			productType = "com.apple.product-type.bundle.ui-testing";
		};
/* End PBXNativeTarget section */

/* Begin PBXProject section */
		408F54BB2755DECE00C7E041 /* Project object */ = {
			isa = PBXProject;
			attributes = {
				BuildIndependentTargetsInParallel = 1;
				LastUpgradeCheck = 1300;
				TargetAttributes = {
					408F54C22755DECE00C7E041 = {
						CreatedOnToolsVersion = 13.0;
					};
					408F54DD2755DED000C7E041 = {
						CreatedOnToolsVersion = 13.0;
						TestTargetID = 408F54C22755DECE00C7E041;
					};
					408F54E72755DED000C7E041 = {
						CreatedOnToolsVersion = 13.0;
						TestTargetID = 408F54C22755DECE00C7E041;
					};
				};
			};
			buildConfigurationList = 408F54BE2755DECE00C7E041 /* Build configuration list for PBXProject "lvfjBase" */;
			compatibilityVersion = "Xcode 13.0";
			developmentRegion = en;
			hasScannedForEncodings = 0;
			knownRegions = (
				en,
				Base,
			);
			mainGroup = 408F54BA2755DECE00C7E041;
			productRefGroup = 408F54C42755DECE00C7E041 /* Products */;
			projectDirPath = "";
			projectRoot = "";
			targets = (
				408F54C22755DECE00C7E041 /* lvfjBase */,
				408F54DD2755DED000C7E041 /* lvfjBaseTests */,
				408F54E72755DED000C7E041 /* lvfjBaseUITests */,
			);
		};
/* End PBXProject section */

/* Begin PBXResourcesBuildPhase section */
		408F54C12755DECE00C7E041 /* Resources */ = {
			isa = PBXResourcesBuildPhase;
			buildActionMask = 2147483647;
			files = (
				408F54D62755DED000C7E041 /* LaunchScreen.storyboard in Resources */,
				408F54D32755DED000C7E041 /* Assets.xcassets in Resources */,
				408F54D12755DECE00C7E041 /* Main.storyboard in Resources */,
			);
			runOnlyForDeploymentPostprocessing = 0;
		};
		408F54DC2755DED000C7E041 /* Resources */ = {
			isa = PBXResourcesBuildPhase;
			buildActionMask = 2147483647;
			files = (
			);
			runOnlyForDeploymentPostprocessing = 0;
		};
		408F54E62755DED000C7E041 /* Resources */ = {
			isa = PBXResourcesBuildPhase;
			buildActionMask = 2147483647;
			files = (
			);
			runOnlyForDeploymentPostprocessing = 0;
		};
/* End PBXResourcesBuildPhase section */

/* Begin PBXShellScriptBuildPhase section */
		61CBBCDB6AD112678F7574CD /* [CP] Check Pods Manifest.lock */ = {
			isa = PBXShellScriptBuildPhase;
			buildActionMask = 2147483647;
			files = (
			);
			inputFileListPaths = (
			);
			inputPaths = (
				"${PODS_PODFILE_DIR_PATH}/Podfile.lock",
				"${PODS_ROOT}/Manifest.lock",
			);
			name = "[CP] Check Pods Manifest.lock";
			outputFileListPaths = (
			);
			outputPaths = (
				"$(DERIVED_FILE_DIR)/Pods-lvfjBase-checkManifestLockResult.txt",
			);
			runOnlyForDeploymentPostprocessing = 0;
			shellPath = /bin/sh;
			shellScript = "diff \"${PODS_PODFILE_DIR_PATH}/Podfile.lock\" \"${PODS_ROOT}/Manifest.lock\" > /dev/null\nif [ $? != 0 ] ; then\n    # print error to STDERR\n    echo \"error: The sandbox is not in sync with the Podfile.lock. Run 'pod install' or update your CocoaPods installation.\" >&2\n    exit 1\nfi\n# This output is used by Xcode 'outputs' to avoid re-running this script phase.\necho \"SUCCESS\" > \"${SCRIPT_OUTPUT_FILE_0}\"\n";
			showEnvVarsInLog = 0;
		};
/* End PBXShellScriptBuildPhase section */

/* Begin PBXSourcesBuildPhase section */
		408F54BF2755DECE00C7E041 /* Sources */ = {
			isa = PBXSourcesBuildPhase;
			buildActionMask = 2147483647;
			files = (
				408F54CE2755DECE00C7E041 /* ViewController.m in Sources */,
				408F54C82755DECE00C7E041 /* AppDelegate.m in Sources */,
				408F54D92755DED000C7E041 /* main.m in Sources */,
				408F54CB2755DECE00C7E041 /* SceneDelegate.m in Sources */,
			);
			runOnlyForDeploymentPostprocessing = 0;
		};
		408F54DA2755DED000C7E041 /* Sources */ = {
			isa = PBXSourcesBuildPhase;
			buildActionMask = 2147483647;
			files = (
				408F54E32755DED000C7E041 /* lvfjBaseTests.m in Sources */,
			);
			runOnlyForDeploymentPostprocessing = 0;
		};
		408F54E42755DED000C7E041 /* Sources */ = {
			isa = PBXSourcesBuildPhase;
			buildActionMask = 2147483647;
			files = (
				408F54ED2755DED000C7E041 /* lvfjBaseUITests.m in Sources */,
				408F54EF2755DED000C7E041 /* lvfjBaseUITestsLaunchTests.m in Sources */,
			);
			runOnlyForDeploymentPostprocessing = 0;
		};
/* End PBXSourcesBuildPhase section */

/* Begin PBXTargetDependency section */
		408F54E02755DED000C7E041 /* PBXTargetDependency */ = {
			isa = PBXTargetDependency;
			target = 408F54C22755DECE00C7E041 /* lvfjBase */;
			targetProxy = 408F54DF2755DED000C7E041 /* PBXContainerItemProxy */;
		};
		408F54EA2755DED000C7E041 /* PBXTargetDependency */ = {
			isa = PBXTargetDependency;
			target = 408F54C22755DECE00C7E041 /* lvfjBase */;
			targetProxy = 408F54E92755DED000C7E041 /* PBXContainerItemProxy */;
		};
/* End PBXTargetDependency section */

/* Begin PBXVariantGroup section */
		408F54CF2755DECE00C7E041 /* Main.storyboard */ = {
			isa = PBXVariantGroup;
			children = (
				408F54D02755DECE00C7E041 /* Base */,
			);
			name = Main.storyboard;
			sourceTree = "<group>";
		};
		408F54D42755DED000C7E041 /* LaunchScreen.storyboard */ = {
			isa = PBXVariantGroup;
			children = (
				408F54D52755DED000C7E041 /* Base */,
			);
			name = LaunchScreen.storyboard;
			sourceTree = "<group>";
		};
/* End PBXVariantGroup section */

/* Begin XCBuildConfiguration section */
		408F54F02755DED000C7E041 /* Debug */ = {
			isa = XCBuildConfiguration;
			buildSettings = {
				ALWAYS_SEARCH_USER_PATHS = NO;
				CLANG_ANALYZER_NONNULL = YES;
				CLANG_ANALYZER_NUMBER_OBJECT_CONVERSION = YES_AGGRESSIVE;
				CLANG_CXX_LANGUAGE_STANDARD = "gnu++17";
				CLANG_CXX_LIBRARY = "libc++";
				CLANG_ENABLE_MODULES = YES;
				CLANG_ENABLE_OBJC_ARC = YES;
				CLANG_ENABLE_OBJC_WEAK = YES;
				CLANG_WARN_BLOCK_CAPTURE_AUTORELEASING = YES;
				CLANG_WARN_BOOL_CONVERSION = YES;
				CLANG_WARN_COMMA = YES;
				CLANG_WARN_CONSTANT_CONVERSION = YES;
				CLANG_WARN_DEPRECATED_OBJC_IMPLEMENTATIONS = YES;
				CLANG_WARN_DIRECT_OBJC_ISA_USAGE = YES_ERROR;
				CLANG_WARN_DOCUMENTATION_COMMENTS = YES;
				CLANG_WARN_EMPTY_BODY = YES;
				CLANG_WARN_ENUM_CONVERSION = YES;
				CLANG_WARN_INFINITE_RECURSION = YES;
				CLANG_WARN_INT_CONVERSION = YES;
				CLANG_WARN_NON_LITERAL_NULL_CONVERSION = YES;
				CLANG_WARN_OBJC_IMPLICIT_RETAIN_SELF = YES;
				CLANG_WARN_OBJC_LITERAL_CONVERSION = YES;
				CLANG_WARN_OBJC_ROOT_CLASS = YES_ERROR;
				CLANG_WARN_QUOTED_INCLUDE_IN_FRAMEWORK_HEADER = YES;
				CLANG_WARN_RANGE_LOOP_ANALYSIS = YES;
				CLANG_WARN_STRICT_PROTOTYPES = YES;
				CLANG_WARN_SUSPICIOUS_MOVE = YES;
				CLANG_WARN_UNGUARDED_AVAILABILITY = YES_AGGRESSIVE;
				CLANG_WARN_UNREACHABLE_CODE = YES;
				CLANG_WARN__DUPLICATE_METHOD_MATCH = YES;
				COPY_PHASE_STRIP = NO;
				DEBUG_INFORMATION_FORMAT = dwarf;
				ENABLE_STRICT_OBJC_MSGSEND = YES;
				ENABLE_TESTABILITY = YES;
				GCC_C_LANGUAGE_STANDARD = gnu11;
				GCC_DYNAMIC_NO_PIC = NO;
				GCC_NO_COMMON_BLOCKS = YES;
				GCC_OPTIMIZATION_LEVEL = 0;
				GCC_PREPROCESSOR_DEFINITIONS = (
					"DEBUG=1",
					"$(inherited)",
				);
				GCC_WARN_64_TO_32_BIT_CONVERSION = YES;
				GCC_WARN_ABOUT_RETURN_TYPE = YES_ERROR;
				GCC_WARN_UNDECLARED_SELECTOR = YES;
				GCC_WARN_UNINITIALIZED_AUTOS = YES_AGGRESSIVE;
				GCC_WARN_UNUSED_FUNCTION = YES;
				GCC_WARN_UNUSED_VARIABLE = YES;
				IPHONEOS_DEPLOYMENT_TARGET = 15.0;
				MTL_ENABLE_DEBUG_INFO = INCLUDE_SOURCE;
				MTL_FAST_MATH = YES;
				ONLY_ACTIVE_ARCH = YES;
				SDKROOT = iphoneos;
			};
			name = Debug;
		};
		408F54F12755DED000C7E041 /* Release */ = {
			isa = XCBuildConfiguration;
			buildSettings = {
				ALWAYS_SEARCH_USER_PATHS = NO;
				CLANG_ANALYZER_NONNULL = YES;
				CLANG_ANALYZER_NUMBER_OBJECT_CONVERSION = YES_AGGRESSIVE;
				CLANG_CXX_LANGUAGE_STANDARD = "gnu++17";
				CLANG_CXX_LIBRARY = "libc++";
				CLANG_ENABLE_MODULES = YES;
				CLANG_ENABLE_OBJC_ARC = YES;
				CLANG_ENABLE_OBJC_WEAK = YES;
				CLANG_WARN_BLOCK_CAPTURE_AUTORELEASING = YES;
				CLANG_WARN_BOOL_CONVERSION = YES;
				CLANG_WARN_COMMA = YES;
				CLANG_WARN_CONSTANT_CONVERSION = YES;
				CLANG_WARN_DEPRECATED_OBJC_IMPLEMENTATIONS = YES;
				CLANG_WARN_DIRECT_OBJC_ISA_USAGE = YES_ERROR;
				CLANG_WARN_DOCUMENTATION_COMMENTS = YES;
				CLANG_WARN_EMPTY_BODY = YES;
				CLANG_WARN_ENUM_CONVERSION = YES;
				CLANG_WARN_INFINITE_RECURSION = YES;
				CLANG_WARN_INT_CONVERSION = YES;
				CLANG_WARN_NON_LITERAL_NULL_CONVERSION = YES;
				CLANG_WARN_OBJC_IMPLICIT_RETAIN_SELF = YES;
				CLANG_WARN_OBJC_LITERAL_CONVERSION = YES;
				CLANG_WARN_OBJC_ROOT_CLASS = YES_ERROR;
				CLANG_WARN_QUOTED_INCLUDE_IN_FRAMEWORK_HEADER = YES;
				CLANG_WARN_RANGE_LOOP_ANALYSIS = YES;
				CLANG_WARN_STRICT_PROTOTYPES = YES;
				CLANG_WARN_SUSPICIOUS_MOVE = YES;
				CLANG_WARN_UNGUARDED_AVAILABILITY = YES_AGGRESSIVE;
				CLANG_WARN_UNREACHABLE_CODE = YES;
				CLANG_WARN__DUPLICATE_METHOD_MATCH = YES;
				COPY_PHASE_STRIP = NO;
				DEBUG_INFORMATION_FORMAT = "dwarf-with-dsym";
				ENABLE_NS_ASSERTIONS = NO;
				ENABLE_STRICT_OBJC_MSGSEND = YES;
				GCC_C_LANGUAGE_STANDARD = gnu11;
				GCC_NO_COMMON_BLOCKS = YES;
				GCC_WARN_64_TO_32_BIT_CONVERSION = YES;
				GCC_WARN_ABOUT_RETURN_TYPE = YES_ERROR;
				GCC_WARN_UNDECLARED_SELECTOR = YES;
				GCC_WARN_UNINITIALIZED_AUTOS = YES_AGGRESSIVE;
				GCC_WARN_UNUSED_FUNCTION = YES;
				GCC_WARN_UNUSED_VARIABLE = YES;
				IPHONEOS_DEPLOYMENT_TARGET = 15.0;
				MTL_ENABLE_DEBUG_INFO = NO;
				MTL_FAST_MATH = YES;
				SDKROOT = iphoneos;
				VALIDATE_PRODUCT = YES;
			};
			name = Release;
		};
		408F54F32755DED000C7E041 /* Debug */ = {
			isa = XCBuildConfiguration;
			baseConfigurationReference = 9BAD6784BEE2056D95CF0C26 /* Pods-lvfjBase.debug.xcconfig */;
			buildSettings = {
				ASSETCATALOG_COMPILER_APPICON_NAME = AppIcon;
				ASSETCATALOG_COMPILER_GLOBAL_ACCENT_COLOR_NAME = AccentColor;
				CODE_SIGN_ENTITLEMENTS = lvfjBase/lvfjBase.entitlements;
				CODE_SIGN_STYLE = Automatic;
				CURRENT_PROJECT_VERSION = 1;
				DEVELOPMENT_TEAM = Z7ANA42K7E;
				GENERATE_INFOPLIST_FILE = YES;
				INFOPLIST_FILE = lvfjBase/Info.plist;
				INFOPLIST_KEY_UIApplicationSupportsIndirectInputEvents = YES;
				INFOPLIST_KEY_UILaunchStoryboardName = LaunchScreen;
				INFOPLIST_KEY_UIMainStoryboardFile = Main;
				INFOPLIST_KEY_UISupportedInterfaceOrientations_iPad = "UIInterfaceOrientationPortrait UIInterfaceOrientationPortraitUpsideDown UIInterfaceOrientationLandscapeLeft UIInterfaceOrientationLandscapeRight";
				INFOPLIST_KEY_UISupportedInterfaceOrientations_iPhone = "UIInterfaceOrientationPortrait UIInterfaceOrientationLandscapeLeft UIInterfaceOrientationLandscapeRight";
				LD_RUNPATH_SEARCH_PATHS = (
					"$(inherited)",
					"@executable_path/Frameworks",
				);
				MARKETING_VERSION = 1.0;
				PRODUCT_BUNDLE_IDENTIFIER = lvfj.com.lvfjBase;
				PRODUCT_NAME = "$(TARGET_NAME)";
				SUPPORTS_MACCATALYST = YES;
				SWIFT_EMIT_LOC_STRINGS = YES;
				TARGETED_DEVICE_FAMILY = "1,2";
			};
			name = Debug;
		};
		408F54F42755DED000C7E041 /* Release */ = {
			isa = XCBuildConfiguration;
			baseConfigurationReference = F966CC5FDA8C06F7CB34EAFE /* Pods-lvfjBase.release.xcconfig */;
			buildSettings = {
				ASSETCATALOG_COMPILER_APPICON_NAME = AppIcon;
				ASSETCATALOG_COMPILER_GLOBAL_ACCENT_COLOR_NAME = AccentColor;
				CODE_SIGN_ENTITLEMENTS = lvfjBase/lvfjBase.entitlements;
				CODE_SIGN_STYLE = Automatic;
				CURRENT_PROJECT_VERSION = 1;
				DEVELOPMENT_TEAM = Z7ANA42K7E;
				GENERATE_INFOPLIST_FILE = YES;
				INFOPLIST_FILE = lvfjBase/Info.plist;
				INFOPLIST_KEY_UIApplicationSupportsIndirectInputEvents = YES;
				INFOPLIST_KEY_UILaunchStoryboardName = LaunchScreen;
				INFOPLIST_KEY_UIMainStoryboardFile = Main;
				INFOPLIST_KEY_UISupportedInterfaceOrientations_iPad = "UIInterfaceOrientationPortrait UIInterfaceOrientationPortraitUpsideDown UIInterfaceOrientationLandscapeLeft UIInterfaceOrientationLandscapeRight";
				INFOPLIST_KEY_UISupportedInterfaceOrientations_iPhone = "UIInterfaceOrientationPortrait UIInterfaceOrientationLandscapeLeft UIInterfaceOrientationLandscapeRight";
				LD_RUNPATH_SEARCH_PATHS = (
					"$(inherited)",
					"@executable_path/Frameworks",
				);
				MARKETING_VERSION = 1.0;
				PRODUCT_BUNDLE_IDENTIFIER = lvfj.com.lvfjBase;
				PRODUCT_NAME = "$(TARGET_NAME)";
				SUPPORTS_MACCATALYST = YES;
				SWIFT_EMIT_LOC_STRINGS = YES;
				TARGETED_DEVICE_FAMILY = "1,2";
			};
			name = Release;
		};
		408F54F62755DED000C7E041 /* Debug */ = {
			isa = XCBuildConfiguration;
			buildSettings = {
				BUNDLE_LOADER = "$(TEST_HOST)";
				CODE_SIGN_STYLE = Automatic;
				CURRENT_PROJECT_VERSION = 1;
				DEVELOPMENT_TEAM = Z7ANA42K7E;
				GENERATE_INFOPLIST_FILE = YES;
				IPHONEOS_DEPLOYMENT_TARGET = 15.0;
				LD_RUNPATH_SEARCH_PATHS = (
					"$(inherited)",
					"@executable_path/Frameworks",
					"@loader_path/Frameworks",
				);
				MARKETING_VERSION = 1.0;
				PRODUCT_BUNDLE_IDENTIFIER = lvfj.com.lvfjBaseTests;
				PRODUCT_NAME = "$(TARGET_NAME)";
				SWIFT_EMIT_LOC_STRINGS = NO;
				TARGETED_DEVICE_FAMILY = "1,2";
				TEST_HOST = "$(BUILT_PRODUCTS_DIR)/lvfjBase.app/lvfjBase";
			};
			name = Debug;
		};
		408F54F72755DED000C7E041 /* Release */ = {
			isa = XCBuildConfiguration;
			buildSettings = {
				BUNDLE_LOADER = "$(TEST_HOST)";
				CODE_SIGN_STYLE = Automatic;
				CURRENT_PROJECT_VERSION = 1;
				DEVELOPMENT_TEAM = Z7ANA42K7E;
				GENERATE_INFOPLIST_FILE = YES;
				IPHONEOS_DEPLOYMENT_TARGET = 15.0;
				LD_RUNPATH_SEARCH_PATHS = (
					"$(inherited)",
					"@executable_path/Frameworks",
					"@loader_path/Frameworks",
				);
				MARKETING_VERSION = 1.0;
				PRODUCT_BUNDLE_IDENTIFIER = lvfj.com.lvfjBaseTests;
				PRODUCT_NAME = "$(TARGET_NAME)";
				SWIFT_EMIT_LOC_STRINGS = NO;
				TARGETED_DEVICE_FAMILY = "1,2";
				TEST_HOST = "$(BUILT_PRODUCTS_DIR)/lvfjBase.app/lvfjBase";
			};
			name = Release;
		};
		408F54F92755DED000C7E041 /* Debug */ = {
			isa = XCBuildConfiguration;
			buildSettings = {
				CODE_SIGN_STYLE = Automatic;
				CURRENT_PROJECT_VERSION = 1;
				DEVELOPMENT_TEAM = Z7ANA42K7E;
				GENERATE_INFOPLIST_FILE = YES;
				LD_RUNPATH_SEARCH_PATHS = (
					"$(inherited)",
					"@executable_path/Frameworks",
					"@loader_path/Frameworks",
				);
				MARKETING_VERSION = 1.0;
				PRODUCT_BUNDLE_IDENTIFIER = lvfj.com.lvfjBaseUITests;
				PRODUCT_NAME = "$(TARGET_NAME)";
				SWIFT_EMIT_LOC_STRINGS = NO;
				TARGETED_DEVICE_FAMILY = "1,2";
				TEST_TARGET_NAME = lvfjBase;
			};
			name = Debug;
		};
		408F54FA2755DED000C7E041 /* Release */ = {
			isa = XCBuildConfiguration;
			buildSettings = {
				CODE_SIGN_STYLE = Automatic;
				CURRENT_PROJECT_VERSION = 1;
				DEVELOPMENT_TEAM = Z7ANA42K7E;
				GENERATE_INFOPLIST_FILE = YES;
				LD_RUNPATH_SEARCH_PATHS = (
					"$(inherited)",
					"@executable_path/Frameworks",
					"@loader_path/Frameworks",
				);
				MARKETING_VERSION = 1.0;
				PRODUCT_BUNDLE_IDENTIFIER = lvfj.com.lvfjBaseUITests;
				PRODUCT_NAME = "$(TARGET_NAME)";
				SWIFT_EMIT_LOC_STRINGS = NO;
				TARGETED_DEVICE_FAMILY = "1,2";
				TEST_TARGET_NAME = lvfjBase;
			};
			name = Release;
		};
/* End XCBuildConfiguration section */

/* Begin XCConfigurationList section */
		408F54BE2755DECE00C7E041 /* Build configuration list for PBXProject "lvfjBase" */ = {
			isa = XCConfigurationList;
			buildConfigurations = (
				408F54F02755DED000C7E041 /* Debug */,
				408F54F12755DED000C7E041 /* Release */,
			);
			defaultConfigurationIsVisible = 0;
			defaultConfigurationName = Release;
		};
		408F54F22755DED000C7E041 /* Build configuration list for PBXNativeTarget "lvfjBase" */ = {
			isa = XCConfigurationList;
			buildConfigurations = (
				408F54F32755DED000C7E041 /* Debug */,
				408F54F42755DED000C7E041 /* Release */,
			);
			defaultConfigurationIsVisible = 0;
			defaultConfigurationName = Release;
		};
		408F54F52755DED000C7E041 /* Build configuration list for PBXNativeTarget "lvfjBaseTests" */ = {
			isa = XCConfigurationList;
			buildConfigurations = (
				408F54F62755DED000C7E041 /* Debug */,
				408F54F72755DED000C7E041 /* Release */,
			);
			defaultConfigurationIsVisible = 0;
			defaultConfigurationName = Release;
		};
		408F54F82755DED000C7E041 /* Build configuration list for PBXNativeTarget "lvfjBaseUITests" */ = {
			isa = XCConfigurationList;
			buildConfigurations = (
				408F54F92755DED000C7E041 /* Debug */,
				408F54FA2755DED000C7E041 /* Release */,
			);
			defaultConfigurationIsVisible = 0;
			defaultConfigurationName = Release;
		};
/* End XCConfigurationList section */
	};
	rootObject = 408F54BB2755DECE00C7E041 /* Project object */;
}
